
Microsoft Visual Studio Solution File, Format Version 12.00
# Visual Studio 14
VisualStudioVersion = 14.0.23107.0
MinimumVisualStudioVersion = 10.0.40219.1
Project("{FAE04EC0-301F-11D3-BF4B-00C04F79EFBC}") = "CMPE2300DAllanLab02", "CMPE2300DAllanLab02\CMPE2300DAllanLab02.csproj", "{C30B8D2A-736F-4850-88E1-75599470B241}"
EndProject
Global
	GlobalSection(SolutionConfigurationPlatforms) = preSolution
		Debug|Any CPU = Debug|Any CPU
		Release|Any CPU = Release|Any CPU
	EndGlobalSection
	GlobalSection(ProjectConfigurationPlatforms) = postSolution
		{C30B8D2A-736F-4850-88E1-75599470B241}.Debug|Any CPU.ActiveCfg = Debug|Any CPU
		{C30B8D2A-736F-4850-88E1-75599470B241}.Debug|Any CPU.Build.0 = Debug|Any CPU
		{C30B8D2A-736F-4850-88E1-75599470B241}.Release|Any CPU.ActiveCfg = Release|Any CPU
		{C30B8D2A-736F-4850-88E1-75599470B241}.Release|Any CPU.Build.0 = Release|Any CPU
	EndGlobalSection
	GlobalSection(SolutionProperties) = preSolution
		HideSolutionNode = FALSE
	EndGlobalSection
EndGlobal
